
Microsoft Visual Studio Solution File, Format Version 12.00
# Visual Studio 15
VisualStudioVersion = 15.0.27130.2010
MinimumVisualStudioVersion = 10.0.40219.1
Project("{9092AA53-FB77-4645-B42D-1CCCA6BD08BD}") = "HelloExpress", "HelloExpress\HelloExpress.njsproj", "{D4AFFDDA-8D5D-4C59-ADD1-CCA426D6EF93}"
EndProject
Global
	GlobalSection(SolutionConfigurationPlatforms) = preSolution
		Debug|Any CPU = Debug|Any CPU
		Release|Any CPU = Release|Any CPU
	EndGlobalSection
	GlobalSection(ProjectConfigurationPlatforms) = postSolution
		{D4AFFDDA-8D5D-4C59-ADD1-CCA426D6EF93}.Debug|Any CPU.ActiveCfg = Debug|Any CPU
		{D4AFFDDA-8D5D-4C59-ADD1-CCA426D6EF93}.Debug|Any CPU.Build.0 = Debug|Any CPU
		{D4AFFDDA-8D5D-4C59-ADD1-CCA426D6EF93}.Release|Any CPU.ActiveCfg = Release|Any CPU
		{D4AFFDDA-8D5D-4C59-ADD1-CCA426D6EF93}.Release|Any CPU.Build.0 = Release|Any CPU
	EndGlobalSection
	GlobalSection(SolutionProperties) = preSolution
		HideSolutionNode = FALSE
	EndGlobalSection
	GlobalSection(ExtensibilityGlobals) = postSolution
		SolutionGuid = {CD457ED7-2A28-41AB-B9DF-1DC1D20E33B0}
	EndGlobalSection
EndGlobal
